// !$*UTF8*$!
{
	archiveVersion = 1;
	classes = {
	};
	objectVersion = 46;
	objects = {

/* Begin PBXBuildFile section */
		1904F3DF1E8D7EF0006F43DC /* AppDelegate.swift in Sources */ = {isa = PBXBuildFile; fileRef = 1904F3DE1E8D7EF0006F43DC /* AppDelegate.swift */; };
		1904F3E11E8D7EF0006F43DC /* CardsViewController.swift in Sources */ = {isa = PBXBuildFile; fileRef = 1904F3E01E8D7EF0006F43DC /* CardsViewController.swift */; };
		1904F3E41E8D7EF0006F43DC /* Main.storyboard in Resources */ = {isa = PBXBuildFile; fileRef = 1904F3E21E8D7EF0006F43DC /* Main.storyboard */; };
		1904F3E61E8D7EF0006F43DC /* Assets.xcassets in Resources */ = {isa = PBXBuildFile; fileRef = 1904F3E51E8D7EF0006F43DC /* Assets.xcassets */; };
		1904F3E91E8D7EF0006F43DC /* LaunchScreen.storyboard in Resources */ = {isa = PBXBuildFile; fileRef = 1904F3E71E8D7EF0006F43DC /* LaunchScreen.storyboard */; };
		1904F3F11E8D9E38006F43DC /* ProfileViewController.swift in Sources */ = {isa = PBXBuildFile; fileRef = 1904F3F01E8D9E38006F43DC /* ProfileViewController.swift */; };
/* End PBXBuildFile section */

/* Begin PBXFileReference section */
		1904F3DB1E8D7EF0006F43DC /* Tinder.app */ = {isa = PBXFileReference; explicitFileType = wrapper.application; includeInIndex = 0; path = Tinder.app; sourceTree = BUILT_PRODUCTS_DIR; };
		1904F3DE1E8D7EF0006F43DC /* AppDelegate.swift */ = {isa = PBXFileReference; lastKnownFileType = sourcecode.swift; path = AppDelegate.swift; sourceTree = "<group>"; };
		1904F3E01E8D7EF0006F43DC /* CardsViewController.swift */ = {isa = PBXFileReference; lastKnownFileType = sourcecode.swift; path = CardsViewController.swift; sourceTree = "<group>"; };
		1904F3E31E8D7EF0006F43DC /* Base */ = {isa = PBXFileReference; lastKnownFileType = file.storyboard; name = Base; path = Base.lproj/Main.storyboard; sourceTree = "<group>"; };
		1904F3E51E8D7EF0006F43DC /* Assets.xcassets */ = {isa = PBXFileReference; lastKnownFileType = folder.assetcatalog; path = Assets.xcassets; sourceTree = "<group>"; };
		1904F3E81E8D7EF0006F43DC /* Base */ = {isa = PBXFileReference; lastKnownFileType = file.storyboard; name = Base; path = Base.lproj/LaunchScreen.storyboard; sourceTree = "<group>"; };
		1904F3EA1E8D7EF0006F43DC /* Info.plist */ = {isa = PBXFileReference; lastKnownFileType = text.plist.xml; path = Info.plist; sourceTree = "<group>"; };
		1904F3F01E8D9E38006F43DC /* ProfileViewController.swift */ = {isa = PBXFileReference; fileEncoding = 4; lastKnownFileType = sourcecode.swift; path = ProfileViewController.swift; sourceTree = "<group>"; };
/* End PBXFileReference section */

/* Begin PBXFrameworksBuildPhase section */
		1904F3D81E8D7EF0006F43DC /* Frameworks */ = {
			isa = PBXFrameworksBuildPhase;
			buildActionMask = 2147483647;
			files = (
			);
			runOnlyForDeploymentPostprocessing = 0;
		};
/* End PBXFrameworksBuildPhase section */

/* Begin PBXGroup section */
		1904F3D21E8D7EF0006F43DC = {
			isa = PBXGroup;
			children = (
				1904F3DD1E8D7EF0006F43DC /* Tinder */,
				1904F3DC1E8D7EF0006F43DC /* Products */,
			);
			sourceTree = "<group>";
		};
		1904F3DC1E8D7EF0006F43DC /* Products */ = {
			isa = PBXGroup;
			children = (
				1904F3DB1E8D7EF0006F43DC /* Tinder.app */,
			);
			name = Products;
			sourceTree = "<group>";
		};
		1904F3DD1E8D7EF0006F43DC /* Tinder */ = {
			isa = PBXGroup;
			children = (
				1904F3DE1E8D7EF0006F43DC /* AppDelegate.swift */,
				1904F3E01E8D7EF0006F43DC /* CardsViewController.swift */,
				1904F3E21E8D7EF0006F43DC /* Main.storyboard */,
				1904F3E51E8D7EF0006F43DC /* Assets.xcassets */,
				1904F3E71E8D7EF0006F43DC /* LaunchScreen.storyboard */,
				1904F3EA1E8D7EF0006F43DC /* Info.plist */,
				1904F3F01E8D9E38006F43DC /* ProfileViewController.swift */,
			);
			path = Tinder;
			sourceTree = "<group>";
		};
/* End PBXGroup section */

/* Begin PBXNativeTarget section */
		1904F3DA1E8D7EF0006F43DC /* Tinder */ = {
			isa = PBXNativeTarget;
			buildConfigurationList = 1904F3ED1E8D7EF0006F43DC /* Build configuration list for PBXNativeTarget "Tinder" */;
			buildPhases = (
				1904F3D71E8D7EF0006F43DC /* Sources */,
				1904F3D81E8D7EF0006F43DC /* Frameworks */,
				1904F3D91E8D7EF0006F43DC /* Resources */,
			);
			buildRules = (
			);
			dependencies = (
			);
			name = Tinder;
			productName = Tinder;
			productReference = 1904F3DB1E8D7EF0006F43DC /* Tinder.app */;
			productType = "com.apple.product-type.application";
		};
/* End PBXNativeTarget section */

/* Begin PBXProject section */
		1904F3D31E8D7EF0006F43DC /* Project object */ = {
			isa = PBXProject;
			attributes = {
				LastSwiftUpdateCheck = 0820;
				LastUpgradeCheck = 0820;
				ORGANIZATIONNAME = "Jacob Mittelstaedt";
				TargetAttributes = {
					1904F3DA1E8D7EF0006F43DC = {
						CreatedOnToolsVersion = 8.2.1;
						ProvisioningStyle = Automatic;
					};
				};
			};
			buildConfigurationList = 1904F3D61E8D7EF0006F43DC /* Build configuration list for PBXProject "Tinder" */;
			compatibilityVersion = "Xcode 3.2";
			developmentRegion = English;
			hasScannedForEncodings = 0;
			knownRegions = (
				en,
				Base,
			);
			mainGroup = 1904F3D21E8D7EF0006F43DC;
			productRefGroup = 1904F3DC1E8D7EF0006F43DC /* Products */;
			projectDirPath = "";
			projectRoot = "";
			targets = (
				1904F3DA1E8D7EF0006F43DC /* Tinder */,
			);
		};
/* End PBXProject section */

/* Begin PBXResourcesBuildPhase section */
		1904F3D91E8D7EF0006F43DC /* Resources */ = {
			isa = PBXResourcesBuildPhase;
			buildActionMask = 2147483647;
			files = (
				1904F3E91E8D7EF0006F43DC /* LaunchScreen.storyboard in Resources */,
				1904F3E61E8D7EF0006F43DC /* Assets.xcassets in Resources */,
				1904F3E41E8D7EF0006F43DC /* Main.storyboard in Resources */,
			);
			runOnlyForDeploymentPostprocessing = 0;
		};
/* End PBXResourcesBuildPhase section */

/* Begin PBXSourcesBuildPhase section */
		1904F3D71E8D7EF0006F43DC /* Sources */ = {
			isa = PBXSourcesBuildPhase;
			buildActionMask = 2147483647;
			files = (
				1904F3F11E8D9E38006F43DC /* ProfileViewController.swift in Sources */,
				1904F3E11E8D7EF0006F43DC /* CardsViewController.swift in Sources */,
				1904F3DF1E8D7EF0006F43DC /* AppDelegate.swift in Sources */,
			);
			runOnlyForDeploymentPostprocessing = 0;
		};
/* End PBXSourcesBuildPhase section */

/* Begin PBXVariantGroup section */
		1904F3E21E8D7EF0006F43DC /* Main.storyboard */ = {
			isa = PBXVariantGroup;
			children = (
				1904F3E31E8D7EF0006F43DC /* Base */,
			);
			name = Main.storyboard;
			sourceTree = "<group>";
		};
		1904F3E71E8D7EF0006F43DC /* LaunchScreen.storyboard */ = {
			isa = PBXVariantGroup;
			children = (
				1904F3E81E8D7EF0006F43DC /* Base */,
			);
			name = LaunchScreen.storyboard;
			sourceTree = "<group>";
		};
/* End PBXVariantGroup section */

/* Begin XCBuildConfiguration section */
		1904F3EB1E8D7EF0006F43DC /* Debug */ = {
			isa = XCBuildConfiguration;
			buildSettings = {
				ALWAYS_SEARCH_USER_PATHS = NO;
				CLANG_ANALYZER_NONNULL = YES;
				CLANG_CXX_LANGUAGE_STANDARD = "gnu++0x";
				CLANG_CXX_LIBRARY = "libc++";
				CLANG_ENABLE_MODULES = YES;
				CLANG_ENABLE_OBJC_ARC = YES;
				CLANG_WARN_BOOL_CONVERSION = YES;
				CLANG_WARN_CONSTANT_CONVERSION = YES;
				CLANG_WARN_DIRECT_OBJC_ISA_USAGE = YES_ERROR;
				CLANG_WARN_DOCUMENTATION_COMMENTS = YES;
				CLANG_WARN_EMPTY_BODY = YES;
				CLANG_WARN_ENUM_CONVERSION = YES;
				CLANG_WARN_INFINITE_RECURSION = YES;
				CLANG_WARN_INT_CONVERSION = YES;
				CLANG_WARN_OBJC_ROOT_CLASS = YES_ERROR;
				CLANG_WARN_SUSPICIOUS_MOVE = YES;
				CLANG_WARN_UNREACHABLE_CODE = YES;
				CLANG_WARN__DUPLICATE_METHOD_MATCH = YES;
				"CODE_SIGN_IDENTITY[sdk=iphoneos*]" = "iPhone Developer";
				COPY_PHASE_STRIP = NO;
				DEBUG_INFORMATION_FORMAT = dwarf;
				ENABLE_STRICT_OBJC_MSGSEND = YES;
				ENABLE_TESTABILITY = YES;
				GCC_C_LANGUAGE_STANDARD = gnu99;
				GCC_DYNAMIC_NO_PIC = NO;
				GCC_NO_COMMON_BLOCKS = YES;
				GCC_OPTIMIZATION_LEVEL = 0;
				GCC_PREPROCESSOR_DEFINITIONS = (
					"DEBUG=1",
					"$(inherited)",
				);
				GCC_WARN_64_TO_32_BIT_CONVERSION = YES;
				GCC_WARN_ABOUT_RETURN_TYPE = YES_ERROR;
				GCC_WARN_UNDECLARED_SELECTOR = YES;
				GCC_WARN_UNINITIALIZED_AUTOS = YES_AGGRESSIVE;
				GCC_WARN_UNUSED_FUNCTION = YES;
				GCC_WARN_UNUSED_VARIABLE = YES;
				IPHONEOS_DEPLOYMENT_TARGET = 10.2;
				MTL_ENABLE_DEBUG_INFO = YES;
				ONLY_ACTIVE_ARCH = YES;
				SDKROOT = iphoneos;
				SWIFT_ACTIVE_COMPILATION_CONDITIONS = DEBUG;
				SWIFT_OPTIMIZATION_LEVEL = "-Onone";
			};
			name = Debug;
		};
		1904F3EC1E8D7EF0006F43DC /* Release */ = {
			isa = XCBuildConfiguration;
			buildSettings = {
				ALWAYS_SEARCH_USER_PATHS = NO;
				CLANG_ANALYZER_NONNULL = YES;
				CLANG_CXX_LANGUAGE_STANDARD = "gnu++0x";
				CLANG_CXX_LIBRARY = "libc++";
				CLANG_ENABLE_MODULES = YES;
				CLANG_ENABLE_OBJC_ARC = YES;
				CLANG_WARN_BOOL_CONVERSION = YES;
				CLANG_WARN_CONSTANT_CONVERSION = YES;
				CLANG_WARN_DIRECT_OBJC_ISA_USAGE = YES_ERROR;
				CLANG_WARN_DOCUMENTATION_COMMENTS = YES;
				CLANG_WARN_EMPTY_BODY = YES;
				CLANG_WARN_ENUM_CONVERSION = YES;
				CLANG_WARN_INFINITE_RECURSION = YES;
				CLANG_WARN_INT_CONVERSION = YES;
				CLANG_WARN_OBJC_ROOT_CLASS = YES_ERROR;
				CLANG_WARN_SUSPICIOUS_MOVE = YES;
				CLANG_WARN_UNREACHABLE_CODE = YES;
				CLANG_WARN__DUPLICATE_METHOD_MATCH = YES;
				"CODE_SIGN_IDENTITY[sdk=iphoneos*]" = "iPhone Developer";
				COPY_PHASE_STRIP = NO;
				DEBUG_INFORMATION_FORMAT = "dwarf-with-dsym";
				ENABLE_NS_ASSERTIONS = NO;
				ENABLE_STRICT_OBJC_MSGSEND = YES;
				GCC_C_LANGUAGE_STANDARD = gnu99;
				GCC_NO_COMMON_BLOCKS = YES;
				GCC_WARN_64_TO_32_BIT_CONVERSION = YES;
				GCC_WARN_ABOUT_RETURN_TYPE = YES_ERROR;
				GCC_WARN_UNDECLARED_SELECTOR = YES;
				GCC_WARN_UNINITIALIZED_AUTOS = YES_AGGRESSIVE;
				GCC_WARN_UNUSED_FUNCTION = YES;
				GCC_WARN_UNUSED_VARIABLE = YES;
				IPHONEOS_DEPLOYMENT_TARGET = 10.2;
				MTL_ENABLE_DEBUG_INFO = NO;
				SDKROOT = iphoneos;
				SWIFT_OPTIMIZATION_LEVEL = "-Owholemodule";
				VALIDATE_PRODUCT = YES;
			};
			name = Release;
		};
		1904F3EE1E8D7EF0006F43DC /* Debug */ = {
			isa = XCBuildConfiguration;
			buildSettings = {
				ASSETCATALOG_COMPILER_APPICON_NAME = AppIcon;
				INFOPLIST_FILE = Tinder/Info.plist;
				LD_RUNPATH_SEARCH_PATHS = "$(inherited) @executable_path/Frameworks";
				PRODUCT_BUNDLE_IDENTIFIER = codepath.Tinder;
				PRODUCT_NAME = "$(TARGET_NAME)";
				SWIFT_VERSION = 3.0;
			};
			name = Debug;
		};
		1904F3EF1E8D7EF0006F43DC /* Release */ = {
			isa = XCBuildConfiguration;
			buildSettings = {
				ASSETCATALOG_COMPILER_APPICON_NAME = AppIcon;
				INFOPLIST_FILE = Tinder/Info.plist;
				LD_RUNPATH_SEARCH_PATHS = "$(inherited) @executable_path/Frameworks";
				PRODUCT_BUNDLE_IDENTIFIER = codepath.Tinder;
				PRODUCT_NAME = "$(TARGET_NAME)";
				SWIFT_VERSION = 3.0;
			};
			name = Release;
		};
/* End XCBuildConfiguration section */

/* Begin XCConfigurationList section */
		1904F3D61E8D7EF0006F43DC /* Build configuration list for PBXProject "Tinder" */ = {
			isa = XCConfigurationList;
			buildConfigurations = (
				1904F3EB1E8D7EF0006F43DC /* Debug */,
				1904F3EC1E8D7EF0006F43DC /* Release */,
			);
			defaultConfigurationIsVisible = 0;
			defaultConfigurationName = Release;
		};
		1904F3ED1E8D7EF0006F43DC /* Build configuration list for PBXNativeTarget "Tinder" */ = {
			isa = XCConfigurationList;
			buildConfigurations = (
				1904F3EE1E8D7EF0006F43DC /* Debug */,
				1904F3EF1E8D7EF0006F43DC /* Release */,
			);
			defaultConfigurationIsVisible = 0;
			defaultConfigurationName = Release;
		};
/* End XCConfigurationList section */
	};
	rootObject = 1904F3D31E8D7EF0006F43DC /* Project object */;
}
